// !$*UTF8*$!
{
	archiveVersion = 1;
	classes = {
	};
	objectVersion = 50;
	objects = {

/* Begin PBXBuildFile section */
		2C35632D23A527720019A564 /* AppDelegate.swift in Sources */ = {isa = PBXBuildFile; fileRef = 2C35632C23A527720019A564 /* AppDelegate.swift */; };
		2C35632F23A527720019A564 /* SceneDelegate.swift in Sources */ = {isa = PBXBuildFile; fileRef = 2C35632E23A527720019A564 /* SceneDelegate.swift */; };
		2C35633123A527720019A564 /* ViewController.swift in Sources */ = {isa = PBXBuildFile; fileRef = 2C35633023A527720019A564 /* ViewController.swift */; };
		2C35633723A527720019A564 /* SpotifEsiea.xcdatamodeld in Sources */ = {isa = PBXBuildFile; fileRef = 2C35633523A527720019A564 /* SpotifEsiea.xcdatamodeld */; };
		2C35633923A527760019A564 /* Assets.xcassets in Resources */ = {isa = PBXBuildFile; fileRef = 2C35633823A527760019A564 /* Assets.xcassets */; };
		2C35633C23A527760019A564 /* LaunchScreen.storyboard in Resources */ = {isa = PBXBuildFile; fileRef = 2C35633A23A527760019A564 /* LaunchScreen.storyboard */; };
		2C35634723A527760019A564 /* SpotifEsieaTests.swift in Sources */ = {isa = PBXBuildFile; fileRef = 2C35634623A527760019A564 /* SpotifEsieaTests.swift */; };
		2C35635223A529F70019A564 /* homeViewController.swift in Sources */ = {isa = PBXBuildFile; fileRef = 2C35635123A529F70019A564 /* homeViewController.swift */; };
		2C35635423A52A020019A564 /* searchViewController.swift in Sources */ = {isa = PBXBuildFile; fileRef = 2C35635323A52A020019A564 /* searchViewController.swift */; };
		2C35635623A52A1A0019A564 /* suggestionsViewController.swift in Sources */ = {isa = PBXBuildFile; fileRef = 2C35635523A52A1A0019A564 /* suggestionsViewController.swift */; };
		2C35635823A52A250019A564 /* playerViewController.swift in Sources */ = {isa = PBXBuildFile; fileRef = 2C35635723A52A250019A564 /* playerViewController.swift */; };
		2C35635A23A52A300019A564 /* api.swift in Sources */ = {isa = PBXBuildFile; fileRef = 2C35635923A52A300019A564 /* api.swift */; };
/* End PBXBuildFile section */

/* Begin PBXContainerItemProxy section */
		2C35634323A527760019A564 /* PBXContainerItemProxy */ = {
			isa = PBXContainerItemProxy;
			containerPortal = 2C35632123A527720019A564 /* Project object */;
			proxyType = 1;
			remoteGlobalIDString = 2C35632823A527720019A564;
			remoteInfo = SpotifEsiea;
		};
/* End PBXContainerItemProxy section */

/* Begin PBXFileReference section */
		2C35632923A527720019A564 /* SpotifEsiea.app */ = {isa = PBXFileReference; explicitFileType = wrapper.application; includeInIndex = 0; path = SpotifEsiea.app; sourceTree = BUILT_PRODUCTS_DIR; };
		2C35632C23A527720019A564 /* AppDelegate.swift */ = {isa = PBXFileReference; lastKnownFileType = sourcecode.swift; path = AppDelegate.swift; sourceTree = "<group>"; };
		2C35632E23A527720019A564 /* SceneDelegate.swift */ = {isa = PBXFileReference; lastKnownFileType = sourcecode.swift; path = SceneDelegate.swift; sourceTree = "<group>"; };
		2C35633023A527720019A564 /* ViewController.swift */ = {isa = PBXFileReference; lastKnownFileType = sourcecode.swift; path = ViewController.swift; sourceTree = "<group>"; };
		2C35633623A527720019A564 /* SpotifEsiea.xcdatamodel */ = {isa = PBXFileReference; lastKnownFileType = wrapper.xcdatamodel; path = SpotifEsiea.xcdatamodel; sourceTree = "<group>"; };
		2C35633823A527760019A564 /* Assets.xcassets */ = {isa = PBXFileReference; lastKnownFileType = folder.assetcatalog; path = Assets.xcassets; sourceTree = "<group>"; };
		2C35633B23A527760019A564 /* Base */ = {isa = PBXFileReference; lastKnownFileType = file.storyboard; name = Base; path = Base.lproj/LaunchScreen.storyboard; sourceTree = "<group>"; };
		2C35633D23A527760019A564 /* Info.plist */ = {isa = PBXFileReference; lastKnownFileType = text.plist.xml; path = Info.plist; sourceTree = "<group>"; };
		2C35634223A527760019A564 /* SpotifEsieaTests.xctest */ = {isa = PBXFileReference; explicitFileType = wrapper.cfbundle; includeInIndex = 0; path = SpotifEsieaTests.xctest; sourceTree = BUILT_PRODUCTS_DIR; };
		2C35634623A527760019A564 /* SpotifEsieaTests.swift */ = {isa = PBXFileReference; lastKnownFileType = sourcecode.swift; path = SpotifEsieaTests.swift; sourceTree = "<group>"; };
		2C35634823A527760019A564 /* Info.plist */ = {isa = PBXFileReference; lastKnownFileType = text.plist.xml; path = Info.plist; sourceTree = "<group>"; };
		2C35635123A529F70019A564 /* homeViewController.swift */ = {isa = PBXFileReference; lastKnownFileType = sourcecode.swift; path = homeViewController.swift; sourceTree = "<group>"; };
		2C35635323A52A020019A564 /* searchViewController.swift */ = {isa = PBXFileReference; lastKnownFileType = sourcecode.swift; path = searchViewController.swift; sourceTree = "<group>"; };
		2C35635523A52A1A0019A564 /* suggestionsViewController.swift */ = {isa = PBXFileReference; lastKnownFileType = sourcecode.swift; path = suggestionsViewController.swift; sourceTree = "<group>"; };
		2C35635723A52A250019A564 /* playerViewController.swift */ = {isa = PBXFileReference; lastKnownFileType = sourcecode.swift; path = playerViewController.swift; sourceTree = "<group>"; };
		2C35635923A52A300019A564 /* api.swift */ = {isa = PBXFileReference; lastKnownFileType = sourcecode.swift; path = api.swift; sourceTree = "<group>"; };
/* End PBXFileReference section */

/* Begin PBXFrameworksBuildPhase section */
		2C35632623A527720019A564 /* Frameworks */ = {
			isa = PBXFrameworksBuildPhase;
			buildActionMask = 2147483647;
			files = (
			);
			runOnlyForDeploymentPostprocessing = 0;
		};
		2C35633F23A527760019A564 /* Frameworks */ = {
			isa = PBXFrameworksBuildPhase;
			buildActionMask = 2147483647;
			files = (
			);
			runOnlyForDeploymentPostprocessing = 0;
		};
/* End PBXFrameworksBuildPhase section */

/* Begin PBXGroup section */
		2C35632023A527720019A564 = {
			isa = PBXGroup;
			children = (
				2C35632B23A527720019A564 /* SpotifEsiea */,
				2C35634523A527760019A564 /* SpotifEsieaTests */,
				2C35632A23A527720019A564 /* Products */,
			);
			sourceTree = "<group>";
		};
		2C35632A23A527720019A564 /* Products */ = {
			isa = PBXGroup;
			children = (
				2C35632923A527720019A564 /* SpotifEsiea.app */,
				2C35634223A527760019A564 /* SpotifEsieaTests.xctest */,
			);
			name = Products;
			sourceTree = "<group>";
		};
		2C35632B23A527720019A564 /* SpotifEsiea */ = {
			isa = PBXGroup;
			children = (
				2C35632C23A527720019A564 /* AppDelegate.swift */,
				2C35632E23A527720019A564 /* SceneDelegate.swift */,
				2C35633023A527720019A564 /* ViewController.swift */,
				2C35633823A527760019A564 /* Assets.xcassets */,
				2C35633A23A527760019A564 /* LaunchScreen.storyboard */,
				2C35633D23A527760019A564 /* Info.plist */,
				2C35633523A527720019A564 /* SpotifEsiea.xcdatamodeld */,
				2C35635123A529F70019A564 /* homeViewController.swift */,
				2C35635323A52A020019A564 /* searchViewController.swift */,
				2C35635523A52A1A0019A564 /* suggestionsViewController.swift */,
				2C35635723A52A250019A564 /* playerViewController.swift */,
				2C35635923A52A300019A564 /* api.swift */,
			);
			path = SpotifEsiea;
			sourceTree = "<group>";
		};
		2C35634523A527760019A564 /* SpotifEsieaTests */ = {
			isa = PBXGroup;
			children = (
				2C35634623A527760019A564 /* SpotifEsieaTests.swift */,
				2C35634823A527760019A564 /* Info.plist */,
			);
			path = SpotifEsieaTests;
			sourceTree = "<group>";
		};
/* End PBXGroup section */

/* Begin PBXNativeTarget section */
		2C35632823A527720019A564 /* SpotifEsiea */ = {
			isa = PBXNativeTarget;
			buildConfigurationList = 2C35634B23A527760019A564 /* Build configuration list for PBXNativeTarget "SpotifEsiea" */;
			buildPhases = (
				2C35632523A527720019A564 /* Sources */,
				2C35632623A527720019A564 /* Frameworks */,
				2C35632723A527720019A564 /* Resources */,
			);
			buildRules = (
			);
			dependencies = (
			);
			name = SpotifEsiea;
			productName = SpotifEsiea;
			productReference = 2C35632923A527720019A564 /* SpotifEsiea.app */;
			productType = "com.apple.product-type.application";
		};
		2C35634123A527760019A564 /* SpotifEsieaTests */ = {
			isa = PBXNativeTarget;
			buildConfigurationList = 2C35634E23A527760019A564 /* Build configuration list for PBXNativeTarget "SpotifEsieaTests" */;
			buildPhases = (
				2C35633E23A527760019A564 /* Sources */,
				2C35633F23A527760019A564 /* Frameworks */,
				2C35634023A527760019A564 /* Resources */,
			);
			buildRules = (
			);
			dependencies = (
				2C35634423A527760019A564 /* PBXTargetDependency */,
			);
			name = SpotifEsieaTests;
			productName = SpotifEsieaTests;
			productReference = 2C35634223A527760019A564 /* SpotifEsieaTests.xctest */;
			productType = "com.apple.product-type.bundle.unit-test";
		};
/* End PBXNativeTarget section */

/* Begin PBXProject section */
		2C35632123A527720019A564 /* Project object */ = {
			isa = PBXProject;
			attributes = {
				LastSwiftUpdateCheck = 1110;
				LastUpgradeCheck = 1110;
				ORGANIZATIONNAME = Alexendre;
				TargetAttributes = {
					2C35632823A527720019A564 = {
						CreatedOnToolsVersion = 11.1;
					};
					2C35634123A527760019A564 = {
						CreatedOnToolsVersion = 11.1;
						TestTargetID = 2C35632823A527720019A564;
					};
				};
			};
			buildConfigurationList = 2C35632423A527720019A564 /* Build configuration list for PBXProject "SpotifEsiea" */;
			compatibilityVersion = "Xcode 9.3";
			developmentRegion = en;
			hasScannedForEncodings = 0;
			knownRegions = (
				en,
				Base,
			);
			mainGroup = 2C35632023A527720019A564;
			productRefGroup = 2C35632A23A527720019A564 /* Products */;
			projectDirPath = "";
			projectRoot = "";
			targets = (
				2C35632823A527720019A564 /* SpotifEsiea */,
				2C35634123A527760019A564 /* SpotifEsieaTests */,
			);
		};
/* End PBXProject section */

/* Begin PBXResourcesBuildPhase section */
		2C35632723A527720019A564 /* Resources */ = {
			isa = PBXResourcesBuildPhase;
			buildActionMask = 2147483647;
			files = (
				2C35633C23A527760019A564 /* LaunchScreen.storyboard in Resources */,
				2C35633923A527760019A564 /* Assets.xcassets in Resources */,
			);
			runOnlyForDeploymentPostprocessing = 0;
		};
		2C35634023A527760019A564 /* Resources */ = {
			isa = PBXResourcesBuildPhase;
			buildActionMask = 2147483647;
			files = (
			);
			runOnlyForDeploymentPostprocessing = 0;
		};
/* End PBXResourcesBuildPhase section */

/* Begin PBXSourcesBuildPhase section */
		2C35632523A527720019A564 /* Sources */ = {
			isa = PBXSourcesBuildPhase;
			buildActionMask = 2147483647;
			files = (
				2C35633723A527720019A564 /* SpotifEsiea.xcdatamodeld in Sources */,
				2C35635823A52A250019A564 /* playerViewController.swift in Sources */,
				2C35633123A527720019A564 /* ViewController.swift in Sources */,
				2C35635623A52A1A0019A564 /* suggestionsViewController.swift in Sources */,
				2C35635A23A52A300019A564 /* api.swift in Sources */,
				2C35635423A52A020019A564 /* searchViewController.swift in Sources */,
				2C35632D23A527720019A564 /* AppDelegate.swift in Sources */,
				2C35635223A529F70019A564 /* homeViewController.swift in Sources */,
				2C35632F23A527720019A564 /* SceneDelegate.swift in Sources */,
			);
			runOnlyForDeploymentPostprocessing = 0;
		};
		2C35633E23A527760019A564 /* Sources */ = {
			isa = PBXSourcesBuildPhase;
			buildActionMask = 2147483647;
			files = (
				2C35634723A527760019A564 /* SpotifEsieaTests.swift in Sources */,
			);
			runOnlyForDeploymentPostprocessing = 0;
		};
/* End PBXSourcesBuildPhase section */

/* Begin PBXTargetDependency section */
		2C35634423A527760019A564 /* PBXTargetDependency */ = {
			isa = PBXTargetDependency;
			target = 2C35632823A527720019A564 /* SpotifEsiea */;
			targetProxy = 2C35634323A527760019A564 /* PBXContainerItemProxy */;
		};
/* End PBXTargetDependency section */

/* Begin PBXVariantGroup section */
		2C35633A23A527760019A564 /* LaunchScreen.storyboard */ = {
			isa = PBXVariantGroup;
			children = (
				2C35633B23A527760019A564 /* Base */,
			);
			name = LaunchScreen.storyboard;
			sourceTree = "<group>";
		};
/* End PBXVariantGroup section */

/* Begin XCBuildConfiguration section */
		2C35634923A527760019A564 /* Debug */ = {
			isa = XCBuildConfiguration;
			buildSettings = {
				ALWAYS_SEARCH_USER_PATHS = NO;
				CLANG_ANALYZER_NONNULL = YES;
				CLANG_ANALYZER_NUMBER_OBJECT_CONVERSION = YES_AGGRESSIVE;
				CLANG_CXX_LANGUAGE_STANDARD = "gnu++14";
				CLANG_CXX_LIBRARY = "libc++";
				CLANG_ENABLE_MODULES = YES;
				CLANG_ENABLE_OBJC_ARC = YES;
				CLANG_ENABLE_OBJC_WEAK = YES;
				CLANG_WARN_BLOCK_CAPTURE_AUTORELEASING = YES;
				CLANG_WARN_BOOL_CONVERSION = YES;
				CLANG_WARN_COMMA = YES;
				CLANG_WARN_CONSTANT_CONVERSION = YES;
				CLANG_WARN_DEPRECATED_OBJC_IMPLEMENTATIONS = YES;
				CLANG_WARN_DIRECT_OBJC_ISA_USAGE = YES_ERROR;
				CLANG_WARN_DOCUMENTATION_COMMENTS = YES;
				CLANG_WARN_EMPTY_BODY = YES;
				CLANG_WARN_ENUM_CONVERSION = YES;
				CLANG_WARN_INFINITE_RECURSION = YES;
				CLANG_WARN_INT_CONVERSION = YES;
				CLANG_WARN_NON_LITERAL_NULL_CONVERSION = YES;
				CLANG_WARN_OBJC_IMPLICIT_RETAIN_SELF = YES;
				CLANG_WARN_OBJC_LITERAL_CONVERSION = YES;
				CLANG_WARN_OBJC_ROOT_CLASS = YES_ERROR;
				CLANG_WARN_RANGE_LOOP_ANALYSIS = YES;
				CLANG_WARN_STRICT_PROTOTYPES = YES;
				CLANG_WARN_SUSPICIOUS_MOVE = YES;
				CLANG_WARN_UNGUARDED_AVAILABILITY = YES_AGGRESSIVE;
				CLANG_WARN_UNREACHABLE_CODE = YES;
				CLANG_WARN__DUPLICATE_METHOD_MATCH = YES;
				COPY_PHASE_STRIP = NO;
				DEBUG_INFORMATION_FORMAT = dwarf;
				ENABLE_STRICT_OBJC_MSGSEND = YES;
				ENABLE_TESTABILITY = YES;
				GCC_C_LANGUAGE_STANDARD = gnu11;
				GCC_DYNAMIC_NO_PIC = NO;
				GCC_NO_COMMON_BLOCKS = YES;
				GCC_OPTIMIZATION_LEVEL = 0;
				GCC_PREPROCESSOR_DEFINITIONS = (
					"DEBUG=1",
					"$(inherited)",
				);
				GCC_WARN_64_TO_32_BIT_CONVERSION = YES;
				GCC_WARN_ABOUT_RETURN_TYPE = YES_ERROR;
				GCC_WARN_UNDECLARED_SELECTOR = YES;
				GCC_WARN_UNINITIALIZED_AUTOS = YES_AGGRESSIVE;
				GCC_WARN_UNUSED_FUNCTION = YES;
				GCC_WARN_UNUSED_VARIABLE = YES;
				IPHONEOS_DEPLOYMENT_TARGET = 13.1;
				MTL_ENABLE_DEBUG_INFO = INCLUDE_SOURCE;
				MTL_FAST_MATH = YES;
				ONLY_ACTIVE_ARCH = YES;
				SDKROOT = iphoneos;
				SWIFT_ACTIVE_COMPILATION_CONDITIONS = DEBUG;
				SWIFT_OPTIMIZATION_LEVEL = "-Onone";
			};
			name = Debug;
		};
		2C35634A23A527760019A564 /* Release */ = {
			isa = XCBuildConfiguration;
			buildSettings = {
				ALWAYS_SEARCH_USER_PATHS = NO;
				CLANG_ANALYZER_NONNULL = YES;
				CLANG_ANALYZER_NUMBER_OBJECT_CONVERSION = YES_AGGRESSIVE;
				CLANG_CXX_LANGUAGE_STANDARD = "gnu++14";
				CLANG_CXX_LIBRARY = "libc++";
				CLANG_ENABLE_MODULES = YES;
				CLANG_ENABLE_OBJC_ARC = YES;
				CLANG_ENABLE_OBJC_WEAK = YES;
				CLANG_WARN_BLOCK_CAPTURE_AUTORELEASING = YES;
				CLANG_WARN_BOOL_CONVERSION = YES;
				CLANG_WARN_COMMA = YES;
				CLANG_WARN_CONSTANT_CONVERSION = YES;
				CLANG_WARN_DEPRECATED_OBJC_IMPLEMENTATIONS = YES;
				CLANG_WARN_DIRECT_OBJC_ISA_USAGE = YES_ERROR;
				CLANG_WARN_DOCUMENTATION_COMMENTS = YES;
				CLANG_WARN_EMPTY_BODY = YES;
				CLANG_WARN_ENUM_CONVERSION = YES;
				CLANG_WARN_INFINITE_RECURSION = YES;
				CLANG_WARN_INT_CONVERSION = YES;
				CLANG_WARN_NON_LITERAL_NULL_CONVERSION = YES;
				CLANG_WARN_OBJC_IMPLICIT_RETAIN_SELF = YES;
				CLANG_WARN_OBJC_LITERAL_CONVERSION = YES;
				CLANG_WARN_OBJC_ROOT_CLASS = YES_ERROR;
				CLANG_WARN_RANGE_LOOP_ANALYSIS = YES;
				CLANG_WARN_STRICT_PROTOTYPES = YES;
				CLANG_WARN_SUSPICIOUS_MOVE = YES;
				CLANG_WARN_UNGUARDED_AVAILABILITY = YES_AGGRESSIVE;
				CLANG_WARN_UNREACHABLE_CODE = YES;
				CLANG_WARN__DUPLICATE_METHOD_MATCH = YES;
				COPY_PHASE_STRIP = NO;
				DEBUG_INFORMATION_FORMAT = "dwarf-with-dsym";
				ENABLE_NS_ASSERTIONS = NO;
				ENABLE_STRICT_OBJC_MSGSEND = YES;
				GCC_C_LANGUAGE_STANDARD = gnu11;
				GCC_NO_COMMON_BLOCKS = YES;
				GCC_WARN_64_TO_32_BIT_CONVERSION = YES;
				GCC_WARN_ABOUT_RETURN_TYPE = YES_ERROR;
				GCC_WARN_UNDECLARED_SELECTOR = YES;
				GCC_WARN_UNINITIALIZED_AUTOS = YES_AGGRESSIVE;
				GCC_WARN_UNUSED_FUNCTION = YES;
				GCC_WARN_UNUSED_VARIABLE = YES;
				IPHONEOS_DEPLOYMENT_TARGET = 13.1;
				MTL_ENABLE_DEBUG_INFO = NO;
				MTL_FAST_MATH = YES;
				SDKROOT = iphoneos;
				SWIFT_COMPILATION_MODE = wholemodule;
				SWIFT_OPTIMIZATION_LEVEL = "-O";
				VALIDATE_PRODUCT = YES;
			};
			name = Release;
		};
		2C35634C23A527760019A564 /* Debug */ = {
			isa = XCBuildConfiguration;
			buildSettings = {
				ASSETCATALOG_COMPILER_APPICON_NAME = AppIcon;
				CODE_SIGN_STYLE = Automatic;
				DEVELOPMENT_TEAM = KM3Z3AQZT8;
				INFOPLIST_FILE = SpotifEsiea/Info.plist;
				LD_RUNPATH_SEARCH_PATHS = (
					"$(inherited)",
					"@executable_path/Frameworks",
				);
				PRODUCT_BUNDLE_IDENTIFIER = Alexendre.SpotifEsiea;
				PRODUCT_NAME = "$(TARGET_NAME)";
				SWIFT_VERSION = 5.0;
				TARGETED_DEVICE_FAMILY = "1,2";
			};
			name = Debug;
		};
		2C35634D23A527760019A564 /* Release */ = {
			isa = XCBuildConfiguration;
			buildSettings = {
				ASSETCATALOG_COMPILER_APPICON_NAME = AppIcon;
				CODE_SIGN_STYLE = Automatic;
				DEVELOPMENT_TEAM = KM3Z3AQZT8;
				INFOPLIST_FILE = SpotifEsiea/Info.plist;
				LD_RUNPATH_SEARCH_PATHS = (
					"$(inherited)",
					"@executable_path/Frameworks",
				);
				PRODUCT_BUNDLE_IDENTIFIER = Alexendre.SpotifEsiea;
				PRODUCT_NAME = "$(TARGET_NAME)";
				SWIFT_VERSION = 5.0;
				TARGETED_DEVICE_FAMILY = "1,2";
			};
			name = Release;
		};
		2C35634F23A527760019A564 /* Debug */ = {
			isa = XCBuildConfiguration;
			buildSettings = {
				ALWAYS_EMBED_SWIFT_STANDARD_LIBRARIES = YES;
				BUNDLE_LOADER = "$(TEST_HOST)";
				CODE_SIGN_STYLE = Automatic;
				DEVELOPMENT_TEAM = KM3Z3AQZT8;
				INFOPLIST_FILE = SpotifEsieaTests/Info.plist;
				IPHONEOS_DEPLOYMENT_TARGET = 13.1;
				LD_RUNPATH_SEARCH_PATHS = (
					"$(inherited)",
					"@executable_path/Frameworks",
					"@loader_path/Frameworks",
				);
				PRODUCT_BUNDLE_IDENTIFIER = Alexendre.SpotifEsieaTests;
				PRODUCT_NAME = "$(TARGET_NAME)";
				SWIFT_VERSION = 5.0;
				TARGETED_DEVICE_FAMILY = "1,2";
				TEST_HOST = "$(BUILT_PRODUCTS_DIR)/SpotifEsiea.app/SpotifEsiea";
			};
			name = Debug;
		};
		2C35635023A527760019A564 /* Release */ = {
			isa = XCBuildConfiguration;
			buildSettings = {
				ALWAYS_EMBED_SWIFT_STANDARD_LIBRARIES = YES;
				BUNDLE_LOADER = "$(TEST_HOST)";
				CODE_SIGN_STYLE = Automatic;
				DEVELOPMENT_TEAM = KM3Z3AQZT8;
				INFOPLIST_FILE = SpotifEsieaTests/Info.plist;
				IPHONEOS_DEPLOYMENT_TARGET = 13.1;
				LD_RUNPATH_SEARCH_PATHS = (
					"$(inherited)",
					"@executable_path/Frameworks",
					"@loader_path/Frameworks",
				);
				PRODUCT_BUNDLE_IDENTIFIER = Alexendre.SpotifEsieaTests;
				PRODUCT_NAME = "$(TARGET_NAME)";
				SWIFT_VERSION = 5.0;
				TARGETED_DEVICE_FAMILY = "1,2";
				TEST_HOST = "$(BUILT_PRODUCTS_DIR)/SpotifEsiea.app/SpotifEsiea";
			};
			name = Release;
		};
/* End XCBuildConfiguration section */

/* Begin XCConfigurationList section */
		2C35632423A527720019A564 /* Build configuration list for PBXProject "SpotifEsiea" */ = {
			isa = XCConfigurationList;
			buildConfigurations = (
				2C35634923A527760019A564 /* Debug */,
				2C35634A23A527760019A564 /* Release */,
			);
			defaultConfigurationIsVisible = 0;
			defaultConfigurationName = Release;
		};
		2C35634B23A527760019A564 /* Build configuration list for PBXNativeTarget "SpotifEsiea" */ = {
			isa = XCConfigurationList;
			buildConfigurations = (
				2C35634C23A527760019A564 /* Debug */,
				2C35634D23A527760019A564 /* Release */,
			);
			defaultConfigurationIsVisible = 0;
			defaultConfigurationName = Release;
		};
		2C35634E23A527760019A564 /* Build configuration list for PBXNativeTarget "SpotifEsieaTests" */ = {
			isa = XCConfigurationList;
			buildConfigurations = (
				2C35634F23A527760019A564 /* Debug */,
				2C35635023A527760019A564 /* Release */,
			);
			defaultConfigurationIsVisible = 0;
			defaultConfigurationName = Release;
		};
/* End XCConfigurationList section */

/* Begin XCVersionGroup section */
		2C35633523A527720019A564 /* SpotifEsiea.xcdatamodeld */ = {
			isa = XCVersionGroup;
			children = (
				2C35633623A527720019A564 /* SpotifEsiea.xcdatamodel */,
			);
			currentVersion = 2C35633623A527720019A564 /* SpotifEsiea.xcdatamodel */;
			path = SpotifEsiea.xcdatamodeld;
			sourceTree = "<group>";
			versionGroupType = wrapper.xcdatamodel;
		};
/* End XCVersionGroup section */
	};
	rootObject = 2C35632123A527720019A564 /* Project object */;
}
